{"format_version":"1.2","terraform_version":"1.5.2","planned_values":{"outputs":{"eks_cluster_arn":{"sensitive":false,"type":"string","value":"arn:aws:eks:us-east-1:818140567777:cluster/ekscluster_mnka"},"eks_cluster_oidc_issuer":{"sensitive":false,"type":"string","value":"https://oidc.eks.us-east-1.amazonaws.com/id/239738E1B1CB8629C414B48B026DF4AB"}},"root_module":{"resources":[{"address":"aws_subnet.private_subnet_1_mnka","mode":"managed","type":"aws_subnet","name":"private_subnet_1_mnka","provider_name":"registry.terraform.io/hashicorp/aws","schema_version":1,"values":{"arn":"arn:aws:ec2:us-east-1:818140567777:subnet/subnet-0f44bb2e2c29da5eb","assign_ipv6_address_on_creation":false,"availability_zone":"us-east-1a","availability_zone_id":"use1-az6","cidr_block":"10.0.3.0/24","customer_owned_ipv4_pool":"","enable_dns64":false,"enable_lni_at_device_index":0,"enable_resource_name_dns_a_record_on_launch":false,"enable_resource_name_dns_aaaa_record_on_launch":false,"id":"subnet-0f44bb2e2c29da5eb","ipv6_cidr_block":"","ipv6_cidr_block_association_id":"","ipv6_native":false,"map_customer_owned_ip_on_launch":false,"map_public_ip_on_launch":false,"outpost_arn":"","owner_id":"818140567777","private_dns_hostname_type_on_launch":"ip-name","tags":{},"tags_all":{},"timeouts":null,"vpc_id":"vpc-08df4ed6d8b805d54"},"sensitive_values":{"tags":{},"tags_all":{}}},{"address":"aws_subnet.private_subnet_2_mnka","mode":"managed","type":"aws_subnet","name":"private_subnet_2_mnka","provider_name":"registry.terraform.io/hashicorp/aws","schema_version":1,"values":{"arn":"arn:aws:ec2:us-east-1:818140567777:subnet/subnet-0e05fed771f2712db","assign_ipv6_address_on_creation":false,"availability_zone":"us-east-1b","availability_zone_id":"use1-az1","cidr_block":"10.0.4.0/24","customer_owned_ipv4_pool":"","enable_dns64":false,"enable_lni_at_device_index":0,"enable_resource_name_dns_a_record_on_launch":false,"enable_resource_name_dns_aaaa_record_on_launch":false,"id":"subnet-0e05fed771f2712db","ipv6_cidr_block":"","ipv6_cidr_block_association_id":"","ipv6_native":false,"map_customer_owned_ip_on_launch":false,"map_public_ip_on_launch":false,"outpost_arn":"","owner_id":"818140567777","private_dns_hostname_type_on_launch":"ip-name","tags":{},"tags_all":{},"timeouts":null,"vpc_id":"vpc-08df4ed6d8b805d54"},"sensitive_values":{"tags":{},"tags_all":{}}},{"address":"aws_subnet.public_subnet_1_mnka","mode":"managed","type":"aws_subnet","name":"public_subnet_1_mnka","provider_name":"registry.terraform.io/hashicorp/aws","schema_version":1,"values":{"arn":"arn:aws:ec2:us-east-1:818140567777:subnet/subnet-081b8a96c5593de36","assign_ipv6_address_on_creation":false,"availability_zone":"us-east-1a","availability_zone_id":"use1-az6","cidr_block":"10.0.1.0/24","customer_owned_ipv4_pool":"","enable_dns64":false,"enable_lni_at_device_index":0,"enable_resource_name_dns_a_record_on_launch":false,"enable_resource_name_dns_aaaa_record_on_launch":false,"id":"subnet-081b8a96c5593de36","ipv6_cidr_block":"","ipv6_cidr_block_association_id":"","ipv6_native":false,"map_customer_owned_ip_on_launch":false,"map_public_ip_on_launch":false,"outpost_arn":"","owner_id":"818140567777","private_dns_hostname_type_on_launch":"ip-name","tags":{},"tags_all":{},"timeouts":null,"vpc_id":"vpc-08df4ed6d8b805d54"},"sensitive_values":{"tags":{},"tags_all":{}}},{"address":"aws_subnet.public_subnet_2_mnka","mode":"managed","type":"aws_subnet","name":"public_subnet_2_mnka","provider_name":"registry.terraform.io/hashicorp/aws","schema_version":1,"values":{"arn":"arn:aws:ec2:us-east-1:818140567777:subnet/subnet-037f115dfc3317562","assign_ipv6_address_on_creation":false,"availability_zone":"us-east-1b","availability_zone_id":"use1-az1","cidr_block":"10.0.2.0/24","customer_owned_ipv4_pool":"","enable_dns64":false,"enable_lni_at_device_index":0,"enable_resource_name_dns_a_record_on_launch":false,"enable_resource_name_dns_aaaa_record_on_launch":false,"id":"subnet-037f115dfc3317562","ipv6_cidr_block":"","ipv6_cidr_block_association_id":"","ipv6_native":false,"map_customer_owned_ip_on_launch":false,"map_public_ip_on_launch":false,"outpost_arn":"","owner_id":"818140567777","private_dns_hostname_type_on_launch":"ip-name","tags":{},"tags_all":{},"timeouts":null,"vpc_id":"vpc-08df4ed6d8b805d54"},"sensitive_values":{"tags":{},"tags_all":{}}},{"address":"aws_vpc.custom_vpc_mnka","mode":"managed","type":"aws_vpc","name":"custom_vpc_mnka","provider_name":"registry.terraform.io/hashicorp/aws","schema_version":1,"values":{"arn":"arn:aws:ec2:us-east-1:818140567777:vpc/vpc-08df4ed6d8b805d54","assign_generated_ipv6_cidr_block":false,"cidr_block":"10.0.0.0/16","default_network_acl_id":"acl-0a91d96e68b7df606","default_route_table_id":"rtb-030d4a1d19c35c2d8","default_security_group_id":"sg-0057c220ae9dffac6","dhcp_options_id":"dopt-0a35f23e61659efc1","enable_dns_hostnames":false,"enable_dns_support":true,"enable_network_address_usage_metrics":false,"id":"vpc-08df4ed6d8b805d54","instance_tenancy":"default","ipv4_ipam_pool_id":null,"ipv4_netmask_length":null,"ipv6_association_id":"","ipv6_cidr_block":"","ipv6_cidr_block_network_border_group":"","ipv6_ipam_pool_id":"","ipv6_netmask_length":0,"main_route_table_id":"rtb-030d4a1d19c35c2d8","owner_id":"818140567777","tags":{},"tags_all":{}},"sensitive_values":{"tags":{},"tags_all":{}}}],"child_modules":[{"resources":[{"address":"module.eks_setup.aws_eks_cluster.my_eks_cluster_mnka","mode":"managed","type":"aws_eks_cluster","name":"my_eks_cluster_mnka","provider_name":"registry.terraform.io/hashicorp/aws","schema_version":0,"values":{"arn":"arn:aws:eks:us-east-1:818140567777:cluster/ekscluster_mnka","certificate_authority":[{"data":"LS0tLS1CRUdJTiBDRVJUSUZJQ0FURS0tLS0tCk1JSURCVENDQWUyZ0F3SUJBZ0lJSXFoYWdVaGxTVm93RFFZSktvWklodmNOQVFFTEJRQXdGVEVUTUJFR0ExVUUKQXhNS2EzVmlaWEp1WlhSbGN6QWVGdzB5TXpBNU1ETXlNVEEyTXpoYUZ3MHpNekE0TXpFeU1UQTJNemhhTUJVeApFekFSQmdOVkJBTVRDbXQxWW1WeWJtVjBaWE13Z2dFaU1BMEdDU3FHU0liM0RRRUJBUVVBQTRJQkR3QXdnZ0VLCkFvSUJBUUN3ZHdXTzhQUTdnVzBKZXJUSTFBVWhPOHhCUWlEaXBueUQ0cVhObDlQemxMN3FOUWpiYXpITWo0V0wKTExwVjlEUXZOL2RDTUhRMTdiY3hzTHBKcUM4c0FKRW1wbGYzcVZwK0dPL3hJOHFEKzJNamVaR29idDFUa2thWgo0a2FtZ29zU1ptWTdpNzBzdnllYmNvSnJma2lkWUp4bUw4TDFrUjNMdG1lUnlTc0JNYlpaNlNGaHI0emwzSE41Ck1Jc1BYQ1NvbFN2R3FNSGZWTFU3aGJiWmtiS2dwZU9WeStRcnppYlYvTGNxYjRkdmg3ODA1aktMczFDZ29CT24KMUlRTnk5anFkRDZaWGFCTXU2cFdxM2pHbGtHL2JuVTlFWWhJY2VPY1ZxcVpseW4wdHpBTjBkR1pCc1g3YXZVcQpNcHA5a213d2dxWUVTUzg1RHhsSzdjODVkbEZsQWdNQkFBR2pXVEJYTUE0R0ExVWREd0VCL3dRRUF3SUNwREFQCkJnTlZIUk1CQWY4RUJUQURBUUgvTUIwR0ExVWREZ1FXQkJUcDF2S1l1ZFN2RlZ1MysxNkdlTmU4MERaY21UQVYKQmdOVkhSRUVEakFNZ2dwcmRXSmxjbTVsZEdWek1BMEdDU3FHU0liM0RRRUJDd1VBQTRJQkFRQlJBdHhxZnpWMAp3K2ovYjZ0QjdpNE9LSmFYekZUWUtDU1gyMC9FWGRjbjQ0UjIvcWxvZElrb2k3VU1FQlZjWjZmeFdRSkdoLyszCnpmcEpwUUNQS0FkK1JGb3d0Z0NkUlB0QTk1TzVISE5mVkFMdWxtUDdSU3dnemt2OW9iNjNjMExHMHRTdEszelYKSFhzRzlpTHJvdG5uSDJGejMvbXZDK0xQTGF4ckt2NVoyZllaekYzQXl2QnF0ZmNiRktXbFlQZzdrNmphTktGTApiNTFRVkI4Y3R2TVpUa2wzbzJEMmZoYy9RMDdaYTdKWHZrLzB4N1BTWGYrSG5ISi9NTU5EV0ZJckwrZk85S25iClE2ak5IRTlMaXJlMzZWVW54OGpMeno3aFovVWtGbmpwUUVRcVFvR1pyRE5XeE1RNGZVM2pvOWhoWGZsZmJjcUMKRlR3WkcrOEhpeUpkCi0tLS0tRU5EIENFUlRJRklDQVRFLS0tLS0K"}],"cluster_id":null,"created_at":"2023-09-03 21:00:37.593 +0000 UTC","enabled_cluster_log_types":[],"encryption_config":[],"endpoint":"https://239738E1B1CB8629C414B48B026DF4AB.gr7.us-east-1.eks.amazonaws.com","id":"ekscluster_mnka","identity":[{"oidc":[{"issuer":"https://oidc.eks.us-east-1.amazonaws.com/id/239738E1B1CB8629C414B48B026DF4AB"}]}],"kubernetes_network_config":[{"ip_family":"ipv4","service_ipv4_cidr":"172.20.0.0/16","service_ipv6_cidr":""}],"name":"ekscluster_mnka","outpost_config":[],"platform_version":"eks.5","role_arn":"arn:aws:iam::818140567777:role/eks_cluster_autoscaler_role_mnka","status":"ACTIVE","tags":{"Terraform":"true"},"tags_all":{"Terraform":"true"},"timeouts":null,"version":"1.27","vpc_config":[{"cluster_security_group_id":"sg-00b7a728514895f4b","endpoint_private_access":false,"endpoint_public_access":true,"public_access_cidrs":["0.0.0.0/0"],"security_group_ids":[],"subnet_ids":["subnet-037f115dfc3317562","subnet-081b8a96c5593de36"],"vpc_id":"vpc-08df4ed6d8b805d54"}]},"sensitive_values":{"certificate_authority":[{}],"enabled_cluster_log_types":[],"encryption_config":[],"identity":[{"oidc":[{}]}],"kubernetes_network_config":[{}],"outpost_config":[],"tags":{},"tags_all":{},"vpc_config":[{"public_access_cidrs":[false],"security_group_ids":[],"subnet_ids":[false,false]}]}},{"address":"module.eks_setup.aws_eks_node_group.eks_nodegroup_mnka","mode":"managed","type":"aws_eks_node_group","name":"eks_nodegroup_mnka","provider_name":"registry.terraform.io/hashicorp/aws","schema_version":0,"values":{"ami_type":"AL2_x86_64","capacity_type":"ON_DEMAND","cluster_name":"ekscluster_mnka","disk_size":20,"force_update_version":null,"instance_types":["t2.medium"],"labels":null,"launch_template":[],"node_group_name":"eksng","node_role_arn":"arn:aws:iam::818140567777:role/eks_cluster_autoscaler_role_mnka","remote_access":[{"ec2_ssh_key":"eks","source_security_group_ids":null}],"scaling_config":[{"desired_size":2,"max_size":4,"min_size":2}],"subnet_ids":["subnet-0e05fed771f2712db","subnet-0f44bb2e2c29da5eb"],"tags":{"Name":"eksng","Terraform":"true"},"tags_all":{"Name":"eksng","Terraform":"true"},"taint":[],"timeouts":null},"sensitive_values":{"instance_types":[false],"launch_template":[],"remote_access":[{}],"resources":[],"scaling_config":[{}],"subnet_ids":[false,false],"tags":{},"tags_all":{},"taint":[],"update_config":[]}},{"address":"module.eks_setup.aws_iam_role.eks_cluster_autoscaler_role_mnka","mode":"managed","type":"aws_iam_role","name":"eks_cluster_autoscaler_role_mnka","provider_name":"registry.terraform.io/hashicorp/aws","schema_version":0,"values":{"arn":"arn:aws:iam::818140567777:role/eks_cluster_autoscaler_role_mnka","assume_role_policy":"{\"Statement\":[{\"Action\":\"sts:AssumeRoleWithWebIdentity\",\"Condition\":{\"StringEquals\":{\"sts:ExternalId\":\"https://oidc.eks.us-east-1.amazonaws.com/id/EKS_OIDC_PROVIDER_ID\"}},\"Effect\":\"Allow\",\"Principal\":{\"Federated\":\"arn:aws:iam::account-id:oidc-provider/oidc.eks.us-east-1.amazonaws.com/id/EKS_OIDC_PROVIDER_ID\"}},{\"Action\":\"sts:AssumeRole\",\"Effect\":\"Allow\",\"Principal\":{\"Service\":[\"eks.amazonaws.com\",\"ec2.amazonaws.com\"]}}],\"Version\":\"2012-10-17\"}","create_date":"2023-09-03T20:50:34Z","description":"","force_detach_policies":false,"id":"eks_cluster_autoscaler_role_mnka","inline_policy":[],"managed_policy_arns":["arn:aws:iam::aws:policy/AmazonEC2ContainerRegistryReadOnly","arn:aws:iam::aws:policy/AmazonEKSClusterPolicy"],"max_session_duration":3600,"name":"eks_cluster_autoscaler_role_mnka","name_prefix":"","path":"/","permissions_boundary":null,"tags":{},"tags_all":{},"unique_id":"AROA347H2LDQYV5XZHUHM"},"sensitive_values":{"inline_policy":[],"managed_policy_arns":[false,false],"tags":{},"tags_all":{}}},{"address":"module.eks_setup.aws_iam_role_policy_attachment.eks_cluster_policy_attachment","mode":"managed","type":"aws_iam_role_policy_attachment","name":"eks_cluster_policy_attachment","provider_name":"registry.terraform.io/hashicorp/aws","schema_version":0,"values":{"id":"eks_cluster_autoscaler_role_mnka-20230903210036845800000001","policy_arn":"arn:aws:iam::aws:policy/AmazonEKSClusterPolicy","role":"eks_cluster_autoscaler_role_mnka"},"sensitive_values":{}},{"address":"module.eks_setup.aws_iam_role_policy_attachment.eks_ecr_read_only_policy_attachment","mode":"managed","type":"aws_iam_role_policy_attachment","name":"eks_ecr_read_only_policy_attachment","provider_name":"registry.terraform.io/hashicorp/aws","schema_version":0,"values":{"id":"eks_cluster_autoscaler_role_mnka-20230903213140152000000002","policy_arn":"arn:aws:iam::aws:policy/AmazonEC2ContainerRegistryReadOnly","role":"eks_cluster_autoscaler_role_mnka"},"sensitive_values":{}}],"address":"module.eks_setup"}]}},"resource_changes":[{"address":"aws_subnet.private_subnet_1_mnka","mode":"managed","type":"aws_subnet","name":"private_subnet_1_mnka","provider_name":"registry.terraform.io/hashicorp/aws","change":{"actions":["no-op"],"before":{"arn":"arn:aws:ec2:us-east-1:818140567777:subnet/subnet-0f44bb2e2c29da5eb","assign_ipv6_address_on_creation":false,"availability_zone":"us-east-1a","availability_zone_id":"use1-az6","cidr_block":"10.0.3.0/24","customer_owned_ipv4_pool":"","enable_dns64":false,"enable_lni_at_device_index":0,"enable_resource_name_dns_a_record_on_launch":false,"enable_resource_name_dns_aaaa_record_on_launch":false,"id":"subnet-0f44bb2e2c29da5eb","ipv6_cidr_block":"","ipv6_cidr_block_association_id":"","ipv6_native":false,"map_customer_owned_ip_on_launch":false,"map_public_ip_on_launch":false,"outpost_arn":"","owner_id":"818140567777","private_dns_hostname_type_on_launch":"ip-name","tags":{},"tags_all":{},"timeouts":null,"vpc_id":"vpc-08df4ed6d8b805d54"},"after":{"arn":"arn:aws:ec2:us-east-1:818140567777:subnet/subnet-0f44bb2e2c29da5eb","assign_ipv6_address_on_creation":false,"availability_zone":"us-east-1a","availability_zone_id":"use1-az6","cidr_block":"10.0.3.0/24","customer_owned_ipv4_pool":"","enable_dns64":false,"enable_lni_at_device_index":0,"enable_resource_name_dns_a_record_on_launch":false,"enable_resource_name_dns_aaaa_record_on_launch":false,"id":"subnet-0f44bb2e2c29da5eb","ipv6_cidr_block":"","ipv6_cidr_block_association_id":"","ipv6_native":false,"map_customer_owned_ip_on_launch":false,"map_public_ip_on_launch":false,"outpost_arn":"","owner_id":"818140567777","private_dns_hostname_type_on_launch":"ip-name","tags":{},"tags_all":{},"timeouts":null,"vpc_id":"vpc-08df4ed6d8b805d54"},"after_unknown":{},"before_sensitive":{"tags":{},"tags_all":{}},"after_sensitive":{"tags":{},"tags_all":{}}}},{"address":"aws_subnet.private_subnet_2_mnka","mode":"managed","type":"aws_subnet","name":"private_subnet_2_mnka","provider_name":"registry.terraform.io/hashicorp/aws","change":{"actions":["no-op"],"before":{"arn":"arn:aws:ec2:us-east-1:818140567777:subnet/subnet-0e05fed771f2712db","assign_ipv6_address_on_creation":false,"availability_zone":"us-east-1b","availability_zone_id":"use1-az1","cidr_block":"10.0.4.0/24","customer_owned_ipv4_pool":"","enable_dns64":false,"enable_lni_at_device_index":0,"enable_resource_name_dns_a_record_on_launch":false,"enable_resource_name_dns_aaaa_record_on_launch":false,"id":"subnet-0e05fed771f2712db","ipv6_cidr_block":"","ipv6_cidr_block_association_id":"","ipv6_native":false,"map_customer_owned_ip_on_launch":false,"map_public_ip_on_launch":false,"outpost_arn":"","owner_id":"818140567777","private_dns_hostname_type_on_launch":"ip-name","tags":{},"tags_all":{},"timeouts":null,"vpc_id":"vpc-08df4ed6d8b805d54"},"after":{"arn":"arn:aws:ec2:us-east-1:818140567777:subnet/subnet-0e05fed771f2712db","assign_ipv6_address_on_creation":false,"availability_zone":"us-east-1b","availability_zone_id":"use1-az1","cidr_block":"10.0.4.0/24","customer_owned_ipv4_pool":"","enable_dns64":false,"enable_lni_at_device_index":0,"enable_resource_name_dns_a_record_on_launch":false,"enable_resource_name_dns_aaaa_record_on_launch":false,"id":"subnet-0e05fed771f2712db","ipv6_cidr_block":"","ipv6_cidr_block_association_id":"","ipv6_native":false,"map_customer_owned_ip_on_launch":false,"map_public_ip_on_launch":false,"outpost_arn":"","owner_id":"818140567777","private_dns_hostname_type_on_launch":"ip-name","tags":{},"tags_all":{},"timeouts":null,"vpc_id":"vpc-08df4ed6d8b805d54"},"after_unknown":{},"before_sensitive":{"tags":{},"tags_all":{}},"after_sensitive":{"tags":{},"tags_all":{}}}},{"address":"aws_subnet.public_subnet_1_mnka","mode":"managed","type":"aws_subnet","name":"public_subnet_1_mnka","provider_name":"registry.terraform.io/hashicorp/aws","change":{"actions":["no-op"],"before":{"arn":"arn:aws:ec2:us-east-1:818140567777:subnet/subnet-081b8a96c5593de36","assign_ipv6_address_on_creation":false,"availability_zone":"us-east-1a","availability_zone_id":"use1-az6","cidr_block":"10.0.1.0/24","customer_owned_ipv4_pool":"","enable_dns64":false,"enable_lni_at_device_index":0,"enable_resource_name_dns_a_record_on_launch":false,"enable_resource_name_dns_aaaa_record_on_launch":false,"id":"subnet-081b8a96c5593de36","ipv6_cidr_block":"","ipv6_cidr_block_association_id":"","ipv6_native":false,"map_customer_owned_ip_on_launch":false,"map_public_ip_on_launch":false,"outpost_arn":"","owner_id":"818140567777","private_dns_hostname_type_on_launch":"ip-name","tags":{},"tags_all":{},"timeouts":null,"vpc_id":"vpc-08df4ed6d8b805d54"},"after":{"arn":"arn:aws:ec2:us-east-1:818140567777:subnet/subnet-081b8a96c5593de36","assign_ipv6_address_on_creation":false,"availability_zone":"us-east-1a","availability_zone_id":"use1-az6","cidr_block":"10.0.1.0/24","customer_owned_ipv4_pool":"","enable_dns64":false,"enable_lni_at_device_index":0,"enable_resource_name_dns_a_record_on_launch":false,"enable_resource_name_dns_aaaa_record_on_launch":false,"id":"subnet-081b8a96c5593de36","ipv6_cidr_block":"","ipv6_cidr_block_association_id":"","ipv6_native":false,"map_customer_owned_ip_on_launch":false,"map_public_ip_on_launch":false,"outpost_arn":"","owner_id":"818140567777","private_dns_hostname_type_on_launch":"ip-name","tags":{},"tags_all":{},"timeouts":null,"vpc_id":"vpc-08df4ed6d8b805d54"},"after_unknown":{},"before_sensitive":{"tags":{},"tags_all":{}},"after_sensitive":{"tags":{},"tags_all":{}}}},{"address":"aws_subnet.public_subnet_2_mnka","mode":"managed","type":"aws_subnet","name":"public_subnet_2_mnka","provider_name":"registry.terraform.io/hashicorp/aws","change":{"actions":["no-op"],"before":{"arn":"arn:aws:ec2:us-east-1:818140567777:subnet/subnet-037f115dfc3317562","assign_ipv6_address_on_creation":false,"availability_zone":"us-east-1b","availability_zone_id":"use1-az1","cidr_block":"10.0.2.0/24","customer_owned_ipv4_pool":"","enable_dns64":false,"enable_lni_at_device_index":0,"enable_resource_name_dns_a_record_on_launch":false,"enable_resource_name_dns_aaaa_record_on_launch":false,"id":"subnet-037f115dfc3317562","ipv6_cidr_block":"","ipv6_cidr_block_association_id":"","ipv6_native":false,"map_customer_owned_ip_on_launch":false,"map_public_ip_on_launch":false,"outpost_arn":"","owner_id":"818140567777","private_dns_hostname_type_on_launch":"ip-name","tags":{},"tags_all":{},"timeouts":null,"vpc_id":"vpc-08df4ed6d8b805d54"},"after":{"arn":"arn:aws:ec2:us-east-1:818140567777:subnet/subnet-037f115dfc3317562","assign_ipv6_address_on_creation":false,"availability_zone":"us-east-1b","availability_zone_id":"use1-az1","cidr_block":"10.0.2.0/24","customer_owned_ipv4_pool":"","enable_dns64":false,"enable_lni_at_device_index":0,"enable_resource_name_dns_a_record_on_launch":false,"enable_resource_name_dns_aaaa_record_on_launch":false,"id":"subnet-037f115dfc3317562","ipv6_cidr_block":"","ipv6_cidr_block_association_id":"","ipv6_native":false,"map_customer_owned_ip_on_launch":false,"map_public_ip_on_launch":false,"outpost_arn":"","owner_id":"818140567777","private_dns_hostname_type_on_launch":"ip-name","tags":{},"tags_all":{},"timeouts":null,"vpc_id":"vpc-08df4ed6d8b805d54"},"after_unknown":{},"before_sensitive":{"tags":{},"tags_all":{}},"after_sensitive":{"tags":{},"tags_all":{}}}},{"address":"aws_vpc.custom_vpc_mnka","mode":"managed","type":"aws_vpc","name":"custom_vpc_mnka","provider_name":"registry.terraform.io/hashicorp/aws","change":{"actions":["no-op"],"before":{"arn":"arn:aws:ec2:us-east-1:818140567777:vpc/vpc-08df4ed6d8b805d54","assign_generated_ipv6_cidr_block":false,"cidr_block":"10.0.0.0/16","default_network_acl_id":"acl-0a91d96e68b7df606","default_route_table_id":"rtb-030d4a1d19c35c2d8","default_security_group_id":"sg-0057c220ae9dffac6","dhcp_options_id":"dopt-0a35f23e61659efc1","enable_dns_hostnames":false,"enable_dns_support":true,"enable_network_address_usage_metrics":false,"id":"vpc-08df4ed6d8b805d54","instance_tenancy":"default","ipv4_ipam_pool_id":null,"ipv4_netmask_length":null,"ipv6_association_id":"","ipv6_cidr_block":"","ipv6_cidr_block_network_border_group":"","ipv6_ipam_pool_id":"","ipv6_netmask_length":0,"main_route_table_id":"rtb-030d4a1d19c35c2d8","owner_id":"818140567777","tags":{},"tags_all":{}},"after":{"arn":"arn:aws:ec2:us-east-1:818140567777:vpc/vpc-08df4ed6d8b805d54","assign_generated_ipv6_cidr_block":false,"cidr_block":"10.0.0.0/16","default_network_acl_id":"acl-0a91d96e68b7df606","default_route_table_id":"rtb-030d4a1d19c35c2d8","default_security_group_id":"sg-0057c220ae9dffac6","dhcp_options_id":"dopt-0a35f23e61659efc1","enable_dns_hostnames":false,"enable_dns_support":true,"enable_network_address_usage_metrics":false,"id":"vpc-08df4ed6d8b805d54","instance_tenancy":"default","ipv4_ipam_pool_id":null,"ipv4_netmask_length":null,"ipv6_association_id":"","ipv6_cidr_block":"","ipv6_cidr_block_network_border_group":"","ipv6_ipam_pool_id":"","ipv6_netmask_length":0,"main_route_table_id":"rtb-030d4a1d19c35c2d8","owner_id":"818140567777","tags":{},"tags_all":{}},"after_unknown":{},"before_sensitive":{"tags":{},"tags_all":{}},"after_sensitive":{"tags":{},"tags_all":{}}}},{"address":"module.eks_setup.aws_eks_cluster.my_eks_cluster_mnka","module_address":"module.eks_setup","mode":"managed","type":"aws_eks_cluster","name":"my_eks_cluster_mnka","provider_name":"registry.terraform.io/hashicorp/aws","change":{"actions":["no-op"],"before":{"arn":"arn:aws:eks:us-east-1:818140567777:cluster/ekscluster_mnka","certificate_authority":[{"data":"LS0tLS1CRUdJTiBDRVJUSUZJQ0FURS0tLS0tCk1JSURCVENDQWUyZ0F3SUJBZ0lJSXFoYWdVaGxTVm93RFFZSktvWklodmNOQVFFTEJRQXdGVEVUTUJFR0ExVUUKQXhNS2EzVmlaWEp1WlhSbGN6QWVGdzB5TXpBNU1ETXlNVEEyTXpoYUZ3MHpNekE0TXpFeU1UQTJNemhhTUJVeApFekFSQmdOVkJBTVRDbXQxWW1WeWJtVjBaWE13Z2dFaU1BMEdDU3FHU0liM0RRRUJBUVVBQTRJQkR3QXdnZ0VLCkFvSUJBUUN3ZHdXTzhQUTdnVzBKZXJUSTFBVWhPOHhCUWlEaXBueUQ0cVhObDlQemxMN3FOUWpiYXpITWo0V0wKTExwVjlEUXZOL2RDTUhRMTdiY3hzTHBKcUM4c0FKRW1wbGYzcVZwK0dPL3hJOHFEKzJNamVaR29idDFUa2thWgo0a2FtZ29zU1ptWTdpNzBzdnllYmNvSnJma2lkWUp4bUw4TDFrUjNMdG1lUnlTc0JNYlpaNlNGaHI0emwzSE41Ck1Jc1BYQ1NvbFN2R3FNSGZWTFU3aGJiWmtiS2dwZU9WeStRcnppYlYvTGNxYjRkdmg3ODA1aktMczFDZ29CT24KMUlRTnk5anFkRDZaWGFCTXU2cFdxM2pHbGtHL2JuVTlFWWhJY2VPY1ZxcVpseW4wdHpBTjBkR1pCc1g3YXZVcQpNcHA5a213d2dxWUVTUzg1RHhsSzdjODVkbEZsQWdNQkFBR2pXVEJYTUE0R0ExVWREd0VCL3dRRUF3SUNwREFQCkJnTlZIUk1CQWY4RUJUQURBUUgvTUIwR0ExVWREZ1FXQkJUcDF2S1l1ZFN2RlZ1MysxNkdlTmU4MERaY21UQVYKQmdOVkhSRUVEakFNZ2dwcmRXSmxjbTVsZEdWek1BMEdDU3FHU0liM0RRRUJDd1VBQTRJQkFRQlJBdHhxZnpWMAp3K2ovYjZ0QjdpNE9LSmFYekZUWUtDU1gyMC9FWGRjbjQ0UjIvcWxvZElrb2k3VU1FQlZjWjZmeFdRSkdoLyszCnpmcEpwUUNQS0FkK1JGb3d0Z0NkUlB0QTk1TzVISE5mVkFMdWxtUDdSU3dnemt2OW9iNjNjMExHMHRTdEszelYKSFhzRzlpTHJvdG5uSDJGejMvbXZDK0xQTGF4ckt2NVoyZllaekYzQXl2QnF0ZmNiRktXbFlQZzdrNmphTktGTApiNTFRVkI4Y3R2TVpUa2wzbzJEMmZoYy9RMDdaYTdKWHZrLzB4N1BTWGYrSG5ISi9NTU5EV0ZJckwrZk85S25iClE2ak5IRTlMaXJlMzZWVW54OGpMeno3aFovVWtGbmpwUUVRcVFvR1pyRE5XeE1RNGZVM2pvOWhoWGZsZmJjcUMKRlR3WkcrOEhpeUpkCi0tLS0tRU5EIENFUlRJRklDQVRFLS0tLS0K"}],"cluster_id":null,"created_at":"2023-09-03 21:00:37.593 +0000 UTC","enabled_cluster_log_types":[],"encryption_config":[],"endpoint":"https://239738E1B1CB8629C414B48B026DF4AB.gr7.us-east-1.eks.amazonaws.com","id":"ekscluster_mnka","identity":[{"oidc":[{"issuer":"https://oidc.eks.us-east-1.amazonaws.com/id/239738E1B1CB8629C414B48B026DF4AB"}]}],"kubernetes_network_config":[{"ip_family":"ipv4","service_ipv4_cidr":"172.20.0.0/16","service_ipv6_cidr":""}],"name":"ekscluster_mnka","outpost_config":[],"platform_version":"eks.5","role_arn":"arn:aws:iam::818140567777:role/eks_cluster_autoscaler_role_mnka","status":"ACTIVE","tags":{"Terraform":"true"},"tags_all":{"Terraform":"true"},"timeouts":null,"version":"1.27","vpc_config":[{"cluster_security_group_id":"sg-00b7a728514895f4b","endpoint_private_access":false,"endpoint_public_access":true,"public_access_cidrs":["0.0.0.0/0"],"security_group_ids":[],"subnet_ids":["subnet-037f115dfc3317562","subnet-081b8a96c5593de36"],"vpc_id":"vpc-08df4ed6d8b805d54"}]},"after":{"arn":"arn:aws:eks:us-east-1:818140567777:cluster/ekscluster_mnka","certificate_authority":[{"data":"LS0tLS1CRUdJTiBDRVJUSUZJQ0FURS0tLS0tCk1JSURCVENDQWUyZ0F3SUJBZ0lJSXFoYWdVaGxTVm93RFFZSktvWklodmNOQVFFTEJRQXdGVEVUTUJFR0ExVUUKQXhNS2EzVmlaWEp1WlhSbGN6QWVGdzB5TXpBNU1ETXlNVEEyTXpoYUZ3MHpNekE0TXpFeU1UQTJNemhhTUJVeApFekFSQmdOVkJBTVRDbXQxWW1WeWJtVjBaWE13Z2dFaU1BMEdDU3FHU0liM0RRRUJBUVVBQTRJQkR3QXdnZ0VLCkFvSUJBUUN3ZHdXTzhQUTdnVzBKZXJUSTFBVWhPOHhCUWlEaXBueUQ0cVhObDlQemxMN3FOUWpiYXpITWo0V0wKTExwVjlEUXZOL2RDTUhRMTdiY3hzTHBKcUM4c0FKRW1wbGYzcVZwK0dPL3hJOHFEKzJNamVaR29idDFUa2thWgo0a2FtZ29zU1ptWTdpNzBzdnllYmNvSnJma2lkWUp4bUw4TDFrUjNMdG1lUnlTc0JNYlpaNlNGaHI0emwzSE41Ck1Jc1BYQ1NvbFN2R3FNSGZWTFU3aGJiWmtiS2dwZU9WeStRcnppYlYvTGNxYjRkdmg3ODA1aktMczFDZ29CT24KMUlRTnk5anFkRDZaWGFCTXU2cFdxM2pHbGtHL2JuVTlFWWhJY2VPY1ZxcVpseW4wdHpBTjBkR1pCc1g3YXZVcQpNcHA5a213d2dxWUVTUzg1RHhsSzdjODVkbEZsQWdNQkFBR2pXVEJYTUE0R0ExVWREd0VCL3dRRUF3SUNwREFQCkJnTlZIUk1CQWY4RUJUQURBUUgvTUIwR0ExVWREZ1FXQkJUcDF2S1l1ZFN2RlZ1MysxNkdlTmU4MERaY21UQVYKQmdOVkhSRUVEakFNZ2dwcmRXSmxjbTVsZEdWek1BMEdDU3FHU0liM0RRRUJDd1VBQTRJQkFRQlJBdHhxZnpWMAp3K2ovYjZ0QjdpNE9LSmFYekZUWUtDU1gyMC9FWGRjbjQ0UjIvcWxvZElrb2k3VU1FQlZjWjZmeFdRSkdoLyszCnpmcEpwUUNQS0FkK1JGb3d0Z0NkUlB0QTk1TzVISE5mVkFMdWxtUDdSU3dnemt2OW9iNjNjMExHMHRTdEszelYKSFhzRzlpTHJvdG5uSDJGejMvbXZDK0xQTGF4ckt2NVoyZllaekYzQXl2QnF0ZmNiRktXbFlQZzdrNmphTktGTApiNTFRVkI4Y3R2TVpUa2wzbzJEMmZoYy9RMDdaYTdKWHZrLzB4N1BTWGYrSG5ISi9NTU5EV0ZJckwrZk85S25iClE2ak5IRTlMaXJlMzZWVW54OGpMeno3aFovVWtGbmpwUUVRcVFvR1pyRE5XeE1RNGZVM2pvOWhoWGZsZmJjcUMKRlR3WkcrOEhpeUpkCi0tLS0tRU5EIENFUlRJRklDQVRFLS0tLS0K"}],"cluster_id":null,"created_at":"2023-09-03 21:00:37.593 +0000 UTC","enabled_cluster_log_types":[],"encryption_config":[],"endpoint":"https://239738E1B1CB8629C414B48B026DF4AB.gr7.us-east-1.eks.amazonaws.com","id":"ekscluster_mnka","identity":[{"oidc":[{"issuer":"https://oidc.eks.us-east-1.amazonaws.com/id/239738E1B1CB8629C414B48B026DF4AB"}]}],"kubernetes_network_config":[{"ip_family":"ipv4","service_ipv4_cidr":"172.20.0.0/16","service_ipv6_cidr":""}],"name":"ekscluster_mnka","outpost_config":[],"platform_version":"eks.5","role_arn":"arn:aws:iam::818140567777:role/eks_cluster_autoscaler_role_mnka","status":"ACTIVE","tags":{"Terraform":"true"},"tags_all":{"Terraform":"true"},"timeouts":null,"version":"1.27","vpc_config":[{"cluster_security_group_id":"sg-00b7a728514895f4b","endpoint_private_access":false,"endpoint_public_access":true,"public_access_cidrs":["0.0.0.0/0"],"security_group_ids":[],"subnet_ids":["subnet-037f115dfc3317562","subnet-081b8a96c5593de36"],"vpc_id":"vpc-08df4ed6d8b805d54"}]},"after_unknown":{},"before_sensitive":{"certificate_authority":[{}],"enabled_cluster_log_types":[],"encryption_config":[],"identity":[{"oidc":[{}]}],"kubernetes_network_config":[{}],"outpost_config":[],"tags":{},"tags_all":{},"vpc_config":[{"public_access_cidrs":[false],"security_group_ids":[],"subnet_ids":[false,false]}]},"after_sensitive":{"certificate_authority":[{}],"enabled_cluster_log_types":[],"encryption_config":[],"identity":[{"oidc":[{}]}],"kubernetes_network_config":[{}],"outpost_config":[],"tags":{},"tags_all":{},"vpc_config":[{"public_access_cidrs":[false],"security_group_ids":[],"subnet_ids":[false,false]}]}}},{"address":"module.eks_setup.aws_eks_node_group.eks_nodegroup_mnka","module_address":"module.eks_setup","mode":"managed","type":"aws_eks_node_group","name":"eks_nodegroup_mnka","provider_name":"registry.terraform.io/hashicorp/aws","change":{"actions":["create"],"before":null,"after":{"ami_type":"AL2_x86_64","capacity_type":"ON_DEMAND","cluster_name":"ekscluster_mnka","disk_size":20,"force_update_version":null,"instance_types":["t2.medium"],"labels":null,"launch_template":[],"node_group_name":"eksng","node_role_arn":"arn:aws:iam::818140567777:role/eks_cluster_autoscaler_role_mnka","remote_access":[{"ec2_ssh_key":"eks","source_security_group_ids":null}],"scaling_config":[{"desired_size":2,"max_size":4,"min_size":2}],"subnet_ids":["subnet-0e05fed771f2712db","subnet-0f44bb2e2c29da5eb"],"tags":{"Name":"eksng","Terraform":"true"},"tags_all":{"Name":"eksng","Terraform":"true"},"taint":[],"timeouts":null},"after_unknown":{"arn":true,"id":true,"instance_types":[false],"launch_template":[],"node_group_name_prefix":true,"release_version":true,"remote_access":[{}],"resources":true,"scaling_config":[{}],"status":true,"subnet_ids":[false,false],"tags":{},"tags_all":{},"taint":[],"update_config":true,"version":true},"before_sensitive":false,"after_sensitive":{"instance_types":[false],"launch_template":[],"remote_access":[{}],"resources":[],"scaling_config":[{}],"subnet_ids":[false,false],"tags":{},"tags_all":{},"taint":[],"update_config":[]}}},{"address":"module.eks_setup.aws_iam_role.eks_cluster_autoscaler_role_mnka","module_address":"module.eks_setup","mode":"managed","type":"aws_iam_role","name":"eks_cluster_autoscaler_role_mnka","provider_name":"registry.terraform.io/hashicorp/aws","change":{"actions":["no-op"],"before":{"arn":"arn:aws:iam::818140567777:role/eks_cluster_autoscaler_role_mnka","assume_role_policy":"{\"Statement\":[{\"Action\":\"sts:AssumeRoleWithWebIdentity\",\"Condition\":{\"StringEquals\":{\"sts:ExternalId\":\"https://oidc.eks.us-east-1.amazonaws.com/id/EKS_OIDC_PROVIDER_ID\"}},\"Effect\":\"Allow\",\"Principal\":{\"Federated\":\"arn:aws:iam::account-id:oidc-provider/oidc.eks.us-east-1.amazonaws.com/id/EKS_OIDC_PROVIDER_ID\"}},{\"Action\":\"sts:AssumeRole\",\"Effect\":\"Allow\",\"Principal\":{\"Service\":[\"eks.amazonaws.com\",\"ec2.amazonaws.com\"]}}],\"Version\":\"2012-10-17\"}","create_date":"2023-09-03T20:50:34Z","description":"","force_detach_policies":false,"id":"eks_cluster_autoscaler_role_mnka","inline_policy":[],"managed_policy_arns":["arn:aws:iam::aws:policy/AmazonEC2ContainerRegistryReadOnly","arn:aws:iam::aws:policy/AmazonEKSClusterPolicy"],"max_session_duration":3600,"name":"eks_cluster_autoscaler_role_mnka","name_prefix":"","path":"/","permissions_boundary":null,"tags":{},"tags_all":{},"unique_id":"AROA347H2LDQYV5XZHUHM"},"after":{"arn":"arn:aws:iam::818140567777:role/eks_cluster_autoscaler_role_mnka","assume_role_policy":"{\"Statement\":[{\"Action\":\"sts:AssumeRoleWithWebIdentity\",\"Condition\":{\"StringEquals\":{\"sts:ExternalId\":\"https://oidc.eks.us-east-1.amazonaws.com/id/EKS_OIDC_PROVIDER_ID\"}},\"Effect\":\"Allow\",\"Principal\":{\"Federated\":\"arn:aws:iam::account-id:oidc-provider/oidc.eks.us-east-1.amazonaws.com/id/EKS_OIDC_PROVIDER_ID\"}},{\"Action\":\"sts:AssumeRole\",\"Effect\":\"Allow\",\"Principal\":{\"Service\":[\"eks.amazonaws.com\",\"ec2.amazonaws.com\"]}}],\"Version\":\"2012-10-17\"}","create_date":"2023-09-03T20:50:34Z","description":"","force_detach_policies":false,"id":"eks_cluster_autoscaler_role_mnka","inline_policy":[],"managed_policy_arns":["arn:aws:iam::aws:policy/AmazonEC2ContainerRegistryReadOnly","arn:aws:iam::aws:policy/AmazonEKSClusterPolicy"],"max_session_duration":3600,"name":"eks_cluster_autoscaler_role_mnka","name_prefix":"","path":"/","permissions_boundary":null,"tags":{},"tags_all":{},"unique_id":"AROA347H2LDQYV5XZHUHM"},"after_unknown":{},"before_sensitive":{"inline_policy":[],"managed_policy_arns":[false,false],"tags":{},"tags_all":{}},"after_sensitive":{"inline_policy":[],"managed_policy_arns":[false,false],"tags":{},"tags_all":{}}}},{"address":"module.eks_setup.aws_iam_role_policy_attachment.eks_cluster_policy_attachment","module_address":"module.eks_setup","mode":"managed","type":"aws_iam_role_policy_attachment","name":"eks_cluster_policy_attachment","provider_name":"registry.terraform.io/hashicorp/aws","change":{"actions":["no-op"],"before":{"id":"eks_cluster_autoscaler_role_mnka-20230903210036845800000001","policy_arn":"arn:aws:iam::aws:policy/AmazonEKSClusterPolicy","role":"eks_cluster_autoscaler_role_mnka"},"after":{"id":"eks_cluster_autoscaler_role_mnka-20230903210036845800000001","policy_arn":"arn:aws:iam::aws:policy/AmazonEKSClusterPolicy","role":"eks_cluster_autoscaler_role_mnka"},"after_unknown":{},"before_sensitive":{},"after_sensitive":{}}},{"address":"module.eks_setup.aws_iam_role_policy_attachment.eks_ecr_read_only_policy_attachment","module_address":"module.eks_setup","mode":"managed","type":"aws_iam_role_policy_attachment","name":"eks_ecr_read_only_policy_attachment","provider_name":"registry.terraform.io/hashicorp/aws","change":{"actions":["no-op"],"before":{"id":"eks_cluster_autoscaler_role_mnka-20230903213140152000000002","policy_arn":"arn:aws:iam::aws:policy/AmazonEC2ContainerRegistryReadOnly","role":"eks_cluster_autoscaler_role_mnka"},"after":{"id":"eks_cluster_autoscaler_role_mnka-20230903213140152000000002","policy_arn":"arn:aws:iam::aws:policy/AmazonEC2ContainerRegistryReadOnly","role":"eks_cluster_autoscaler_role_mnka"},"after_unknown":{},"before_sensitive":{},"after_sensitive":{}}}],"output_changes":{"eks_cluster_arn":{"actions":["no-op"],"before":"arn:aws:eks:us-east-1:818140567777:cluster/ekscluster_mnka","after":"arn:aws:eks:us-east-1:818140567777:cluster/ekscluster_mnka","after_unknown":false,"before_sensitive":false,"after_sensitive":false},"eks_cluster_oidc_issuer":{"actions":["no-op"],"before":"https://oidc.eks.us-east-1.amazonaws.com/id/239738E1B1CB8629C414B48B026DF4AB","after":"https://oidc.eks.us-east-1.amazonaws.com/id/239738E1B1CB8629C414B48B026DF4AB","after_unknown":false,"before_sensitive":false,"after_sensitive":false}},"prior_state":{"format_version":"1.0","terraform_version":"1.5.2","values":{"outputs":{"eks_cluster_arn":{"sensitive":false,"value":"arn:aws:eks:us-east-1:818140567777:cluster/ekscluster_mnka","type":"string"},"eks_cluster_oidc_issuer":{"sensitive":false,"value":"https://oidc.eks.us-east-1.amazonaws.com/id/239738E1B1CB8629C414B48B026DF4AB","type":"string"}},"root_module":{"resources":[{"address":"aws_subnet.private_subnet_1_mnka","mode":"managed","type":"aws_subnet","name":"private_subnet_1_mnka","provider_name":"registry.terraform.io/hashicorp/aws","schema_version":1,"values":{"arn":"arn:aws:ec2:us-east-1:818140567777:subnet/subnet-0f44bb2e2c29da5eb","assign_ipv6_address_on_creation":false,"availability_zone":"us-east-1a","availability_zone_id":"use1-az6","cidr_block":"10.0.3.0/24","customer_owned_ipv4_pool":"","enable_dns64":false,"enable_lni_at_device_index":0,"enable_resource_name_dns_a_record_on_launch":false,"enable_resource_name_dns_aaaa_record_on_launch":false,"id":"subnet-0f44bb2e2c29da5eb","ipv6_cidr_block":"","ipv6_cidr_block_association_id":"","ipv6_native":false,"map_customer_owned_ip_on_launch":false,"map_public_ip_on_launch":false,"outpost_arn":"","owner_id":"818140567777","private_dns_hostname_type_on_launch":"ip-name","tags":{},"tags_all":{},"timeouts":null,"vpc_id":"vpc-08df4ed6d8b805d54"},"sensitive_values":{"tags":{},"tags_all":{}},"depends_on":["aws_vpc.custom_vpc_mnka"]},{"address":"aws_subnet.private_subnet_2_mnka","mode":"managed","type":"aws_subnet","name":"private_subnet_2_mnka","provider_name":"registry.terraform.io/hashicorp/aws","schema_version":1,"values":{"arn":"arn:aws:ec2:us-east-1:818140567777:subnet/subnet-0e05fed771f2712db","assign_ipv6_address_on_creation":false,"availability_zone":"us-east-1b","availability_zone_id":"use1-az1","cidr_block":"10.0.4.0/24","customer_owned_ipv4_pool":"","enable_dns64":false,"enable_lni_at_device_index":0,"enable_resource_name_dns_a_record_on_launch":false,"enable_resource_name_dns_aaaa_record_on_launch":false,"id":"subnet-0e05fed771f2712db","ipv6_cidr_block":"","ipv6_cidr_block_association_id":"","ipv6_native":false,"map_customer_owned_ip_on_launch":false,"map_public_ip_on_launch":false,"outpost_arn":"","owner_id":"818140567777","private_dns_hostname_type_on_launch":"ip-name","tags":{},"tags_all":{},"timeouts":null,"vpc_id":"vpc-08df4ed6d8b805d54"},"sensitive_values":{"tags":{},"tags_all":{}},"depends_on":["aws_vpc.custom_vpc_mnka"]},{"address":"aws_subnet.public_subnet_1_mnka","mode":"managed","type":"aws_subnet","name":"public_subnet_1_mnka","provider_name":"registry.terraform.io/hashicorp/aws","schema_version":1,"values":{"arn":"arn:aws:ec2:us-east-1:818140567777:subnet/subnet-081b8a96c5593de36","assign_ipv6_address_on_creation":false,"availability_zone":"us-east-1a","availability_zone_id":"use1-az6","cidr_block":"10.0.1.0/24","customer_owned_ipv4_pool":"","enable_dns64":false,"enable_lni_at_device_index":0,"enable_resource_name_dns_a_record_on_launch":false,"enable_resource_name_dns_aaaa_record_on_launch":false,"id":"subnet-081b8a96c5593de36","ipv6_cidr_block":"","ipv6_cidr_block_association_id":"","ipv6_native":false,"map_customer_owned_ip_on_launch":false,"map_public_ip_on_launch":false,"outpost_arn":"","owner_id":"818140567777","private_dns_hostname_type_on_launch":"ip-name","tags":{},"tags_all":{},"timeouts":null,"vpc_id":"vpc-08df4ed6d8b805d54"},"sensitive_values":{"tags":{},"tags_all":{}},"depends_on":["aws_vpc.custom_vpc_mnka"]},{"address":"aws_subnet.public_subnet_2_mnka","mode":"managed","type":"aws_subnet","name":"public_subnet_2_mnka","provider_name":"registry.terraform.io/hashicorp/aws","schema_version":1,"values":{"arn":"arn:aws:ec2:us-east-1:818140567777:subnet/subnet-037f115dfc3317562","assign_ipv6_address_on_creation":false,"availability_zone":"us-east-1b","availability_zone_id":"use1-az1","cidr_block":"10.0.2.0/24","customer_owned_ipv4_pool":"","enable_dns64":false,"enable_lni_at_device_index":0,"enable_resource_name_dns_a_record_on_launch":false,"enable_resource_name_dns_aaaa_record_on_launch":false,"id":"subnet-037f115dfc3317562","ipv6_cidr_block":"","ipv6_cidr_block_association_id":"","ipv6_native":false,"map_customer_owned_ip_on_launch":false,"map_public_ip_on_launch":false,"outpost_arn":"","owner_id":"818140567777","private_dns_hostname_type_on_launch":"ip-name","tags":{},"tags_all":{},"timeouts":null,"vpc_id":"vpc-08df4ed6d8b805d54"},"sensitive_values":{"tags":{},"tags_all":{}},"depends_on":["aws_vpc.custom_vpc_mnka"]},{"address":"aws_vpc.custom_vpc_mnka","mode":"managed","type":"aws_vpc","name":"custom_vpc_mnka","provider_name":"registry.terraform.io/hashicorp/aws","schema_version":1,"values":{"arn":"arn:aws:ec2:us-east-1:818140567777:vpc/vpc-08df4ed6d8b805d54","assign_generated_ipv6_cidr_block":false,"cidr_block":"10.0.0.0/16","default_network_acl_id":"acl-0a91d96e68b7df606","default_route_table_id":"rtb-030d4a1d19c35c2d8","default_security_group_id":"sg-0057c220ae9dffac6","dhcp_options_id":"dopt-0a35f23e61659efc1","enable_dns_hostnames":false,"enable_dns_support":true,"enable_network_address_usage_metrics":false,"id":"vpc-08df4ed6d8b805d54","instance_tenancy":"default","ipv4_ipam_pool_id":null,"ipv4_netmask_length":null,"ipv6_association_id":"","ipv6_cidr_block":"","ipv6_cidr_block_network_border_group":"","ipv6_ipam_pool_id":"","ipv6_netmask_length":0,"main_route_table_id":"rtb-030d4a1d19c35c2d8","owner_id":"818140567777","tags":{},"tags_all":{}},"sensitive_values":{"tags":{},"tags_all":{}}}],"child_modules":[{"resources":[{"address":"module.eks_setup.data.aws_iam_policy_document.eks_assume_role_policy_mnka","mode":"data","type":"aws_iam_policy_document","name":"eks_assume_role_policy_mnka","provider_name":"registry.terraform.io/hashicorp/aws","schema_version":0,"values":{"id":"2236254535","json":"{\n  \"Version\": \"2012-10-17\",\n  \"Statement\": [\n    {\n      \"Effect\": \"Allow\",\n      \"Action\": \"sts:AssumeRoleWithWebIdentity\",\n      \"Principal\": {\n        \"Federated\": \"arn:aws:iam::account-id:oidc-provider/oidc.eks.us-east-1.amazonaws.com/id/EKS_OIDC_PROVIDER_ID\"\n      },\n      \"Condition\": {\n        \"StringEquals\": {\n          \"sts:ExternalId\": \"https://oidc.eks.us-east-1.amazonaws.com/id/EKS_OIDC_PROVIDER_ID\"\n        }\n      }\n    },\n    {\n      \"Effect\": \"Allow\",\n      \"Action\": \"sts:AssumeRole\",\n      \"Principal\": {\n        \"Service\": [\n          \"eks.amazonaws.com\",\n          \"ec2.amazonaws.com\"\n        ]\n      }\n    }\n  ]\n}","override_policy_documents":null,"policy_id":null,"source_policy_documents":null,"statement":[{"actions":["sts:AssumeRoleWithWebIdentity"],"condition":[{"test":"StringEquals","values":["https://oidc.eks.us-east-1.amazonaws.com/id/EKS_OIDC_PROVIDER_ID"],"variable":"sts:ExternalId"}],"effect":"Allow","not_actions":[],"not_principals":[],"not_resources":[],"principals":[{"identifiers":["arn:aws:iam::account-id:oidc-provider/oidc.eks.us-east-1.amazonaws.com/id/EKS_OIDC_PROVIDER_ID"],"type":"Federated"}],"resources":[],"sid":""},{"actions":["sts:AssumeRole"],"condition":[],"effect":"Allow","not_actions":[],"not_principals":[],"not_resources":[],"principals":[{"identifiers":["ec2.amazonaws.com","eks.amazonaws.com"],"type":"Service"}],"resources":[],"sid":""}],"version":"2012-10-17"},"sensitive_values":{"statement":[{"actions":[false],"condition":[{"values":[false]}],"not_actions":[],"not_principals":[],"not_resources":[],"principals":[{"identifiers":[false]}],"resources":[]},{"actions":[false],"condition":[],"not_actions":[],"not_principals":[],"not_resources":[],"principals":[{"identifiers":[false,false]}],"resources":[]}]}},{"address":"module.eks_setup.aws_eks_cluster.my_eks_cluster_mnka","mode":"managed","type":"aws_eks_cluster","name":"my_eks_cluster_mnka","provider_name":"registry.terraform.io/hashicorp/aws","schema_version":0,"values":{"arn":"arn:aws:eks:us-east-1:818140567777:cluster/ekscluster_mnka","certificate_authority":[{"data":"LS0tLS1CRUdJTiBDRVJUSUZJQ0FURS0tLS0tCk1JSURCVENDQWUyZ0F3SUJBZ0lJSXFoYWdVaGxTVm93RFFZSktvWklodmNOQVFFTEJRQXdGVEVUTUJFR0ExVUUKQXhNS2EzVmlaWEp1WlhSbGN6QWVGdzB5TXpBNU1ETXlNVEEyTXpoYUZ3MHpNekE0TXpFeU1UQTJNemhhTUJVeApFekFSQmdOVkJBTVRDbXQxWW1WeWJtVjBaWE13Z2dFaU1BMEdDU3FHU0liM0RRRUJBUVVBQTRJQkR3QXdnZ0VLCkFvSUJBUUN3ZHdXTzhQUTdnVzBKZXJUSTFBVWhPOHhCUWlEaXBueUQ0cVhObDlQemxMN3FOUWpiYXpITWo0V0wKTExwVjlEUXZOL2RDTUhRMTdiY3hzTHBKcUM4c0FKRW1wbGYzcVZwK0dPL3hJOHFEKzJNamVaR29idDFUa2thWgo0a2FtZ29zU1ptWTdpNzBzdnllYmNvSnJma2lkWUp4bUw4TDFrUjNMdG1lUnlTc0JNYlpaNlNGaHI0emwzSE41Ck1Jc1BYQ1NvbFN2R3FNSGZWTFU3aGJiWmtiS2dwZU9WeStRcnppYlYvTGNxYjRkdmg3ODA1aktMczFDZ29CT24KMUlRTnk5anFkRDZaWGFCTXU2cFdxM2pHbGtHL2JuVTlFWWhJY2VPY1ZxcVpseW4wdHpBTjBkR1pCc1g3YXZVcQpNcHA5a213d2dxWUVTUzg1RHhsSzdjODVkbEZsQWdNQkFBR2pXVEJYTUE0R0ExVWREd0VCL3dRRUF3SUNwREFQCkJnTlZIUk1CQWY4RUJUQURBUUgvTUIwR0ExVWREZ1FXQkJUcDF2S1l1ZFN2RlZ1MysxNkdlTmU4MERaY21UQVYKQmdOVkhSRUVEakFNZ2dwcmRXSmxjbTVsZEdWek1BMEdDU3FHU0liM0RRRUJDd1VBQTRJQkFRQlJBdHhxZnpWMAp3K2ovYjZ0QjdpNE9LSmFYekZUWUtDU1gyMC9FWGRjbjQ0UjIvcWxvZElrb2k3VU1FQlZjWjZmeFdRSkdoLyszCnpmcEpwUUNQS0FkK1JGb3d0Z0NkUlB0QTk1TzVISE5mVkFMdWxtUDdSU3dnemt2OW9iNjNjMExHMHRTdEszelYKSFhzRzlpTHJvdG5uSDJGejMvbXZDK0xQTGF4ckt2NVoyZllaekYzQXl2QnF0ZmNiRktXbFlQZzdrNmphTktGTApiNTFRVkI4Y3R2TVpUa2wzbzJEMmZoYy9RMDdaYTdKWHZrLzB4N1BTWGYrSG5ISi9NTU5EV0ZJckwrZk85S25iClE2ak5IRTlMaXJlMzZWVW54OGpMeno3aFovVWtGbmpwUUVRcVFvR1pyRE5XeE1RNGZVM2pvOWhoWGZsZmJjcUMKRlR3WkcrOEhpeUpkCi0tLS0tRU5EIENFUlRJRklDQVRFLS0tLS0K"}],"cluster_id":null,"created_at":"2023-09-03 21:00:37.593 +0000 UTC","enabled_cluster_log_types":[],"encryption_config":[],"endpoint":"https://239738E1B1CB8629C414B48B026DF4AB.gr7.us-east-1.eks.amazonaws.com","id":"ekscluster_mnka","identity":[{"oidc":[{"issuer":"https://oidc.eks.us-east-1.amazonaws.com/id/239738E1B1CB8629C414B48B026DF4AB"}]}],"kubernetes_network_config":[{"ip_family":"ipv4","service_ipv4_cidr":"172.20.0.0/16","service_ipv6_cidr":""}],"name":"ekscluster_mnka","outpost_config":[],"platform_version":"eks.5","role_arn":"arn:aws:iam::818140567777:role/eks_cluster_autoscaler_role_mnka","status":"ACTIVE","tags":{"Terraform":"true"},"tags_all":{"Terraform":"true"},"timeouts":null,"version":"1.27","vpc_config":[{"cluster_security_group_id":"sg-00b7a728514895f4b","endpoint_private_access":false,"endpoint_public_access":true,"public_access_cidrs":["0.0.0.0/0"],"security_group_ids":[],"subnet_ids":["subnet-037f115dfc3317562","subnet-081b8a96c5593de36"],"vpc_id":"vpc-08df4ed6d8b805d54"}]},"sensitive_values":{"certificate_authority":[{}],"enabled_cluster_log_types":[],"encryption_config":[],"identity":[{"oidc":[{}]}],"kubernetes_network_config":[{}],"outpost_config":[],"tags":{},"tags_all":{},"vpc_config":[{"public_access_cidrs":[false],"security_group_ids":[],"subnet_ids":[false,false]}]},"depends_on":["aws_subnet.public_subnet_1_mnka","aws_subnet.public_subnet_2_mnka","aws_vpc.custom_vpc_mnka","module.eks_setup.aws_iam_role.eks_cluster_autoscaler_role_mnka","module.eks_setup.data.aws_iam_policy_document.eks_assume_role_policy_mnka"]},{"address":"module.eks_setup.aws_iam_role.eks_cluster_autoscaler_role_mnka","mode":"managed","type":"aws_iam_role","name":"eks_cluster_autoscaler_role_mnka","provider_name":"registry.terraform.io/hashicorp/aws","schema_version":0,"values":{"arn":"arn:aws:iam::818140567777:role/eks_cluster_autoscaler_role_mnka","assume_role_policy":"{\"Statement\":[{\"Action\":\"sts:AssumeRoleWithWebIdentity\",\"Condition\":{\"StringEquals\":{\"sts:ExternalId\":\"https://oidc.eks.us-east-1.amazonaws.com/id/EKS_OIDC_PROVIDER_ID\"}},\"Effect\":\"Allow\",\"Principal\":{\"Federated\":\"arn:aws:iam::account-id:oidc-provider/oidc.eks.us-east-1.amazonaws.com/id/EKS_OIDC_PROVIDER_ID\"}},{\"Action\":\"sts:AssumeRole\",\"Effect\":\"Allow\",\"Principal\":{\"Service\":[\"eks.amazonaws.com\",\"ec2.amazonaws.com\"]}}],\"Version\":\"2012-10-17\"}","create_date":"2023-09-03T20:50:34Z","description":"","force_detach_policies":false,"id":"eks_cluster_autoscaler_role_mnka","inline_policy":[],"managed_policy_arns":["arn:aws:iam::aws:policy/AmazonEC2ContainerRegistryReadOnly","arn:aws:iam::aws:policy/AmazonEKSClusterPolicy"],"max_session_duration":3600,"name":"eks_cluster_autoscaler_role_mnka","name_prefix":"","path":"/","permissions_boundary":null,"tags":{},"tags_all":{},"unique_id":"AROA347H2LDQYV5XZHUHM"},"sensitive_values":{"inline_policy":[],"managed_policy_arns":[false,false],"tags":{},"tags_all":{}},"depends_on":["module.eks_setup.data.aws_iam_policy_document.eks_assume_role_policy_mnka"]},{"address":"module.eks_setup.aws_iam_role_policy_attachment.eks_cluster_policy_attachment","mode":"managed","type":"aws_iam_role_policy_attachment","name":"eks_cluster_policy_attachment","provider_name":"registry.terraform.io/hashicorp/aws","schema_version":0,"values":{"id":"eks_cluster_autoscaler_role_mnka-20230903210036845800000001","policy_arn":"arn:aws:iam::aws:policy/AmazonEKSClusterPolicy","role":"eks_cluster_autoscaler_role_mnka"},"sensitive_values":{},"depends_on":["module.eks_setup.aws_iam_role.eks_cluster_autoscaler_role_mnka","module.eks_setup.data.aws_iam_policy_document.eks_assume_role_policy_mnka"]},{"address":"module.eks_setup.aws_iam_role_policy_attachment.eks_ecr_read_only_policy_attachment","mode":"managed","type":"aws_iam_role_policy_attachment","name":"eks_ecr_read_only_policy_attachment","provider_name":"registry.terraform.io/hashicorp/aws","schema_version":0,"values":{"id":"eks_cluster_autoscaler_role_mnka-20230903213140152000000002","policy_arn":"arn:aws:iam::aws:policy/AmazonEC2ContainerRegistryReadOnly","role":"eks_cluster_autoscaler_role_mnka"},"sensitive_values":{},"depends_on":["module.eks_setup.aws_iam_role.eks_cluster_autoscaler_role_mnka","module.eks_setup.data.aws_iam_policy_document.eks_assume_role_policy_mnka"]}],"address":"module.eks_setup"}]}}},"configuration":{"provider_config":{"aws":{"name":"aws","full_name":"registry.terraform.io/hashicorp/aws","expressions":{"region":{"constant_value":"us-east-1"}}}},"root_module":{"outputs":{"eks_cluster_arn":{"expression":{"references":["module.eks_setup.eks_cluster_arn","module.eks_setup"]}},"eks_cluster_oidc_issuer":{"expression":{"references":["module.eks_setup.eks_cluster_oidc_issuer","module.eks_setup"]}}},"resources":[{"address":"aws_subnet.private_subnet_1_mnka","mode":"managed","type":"aws_subnet","name":"private_subnet_1_mnka","provider_config_key":"aws","expressions":{"availability_zone":{"constant_value":"us-east-1a"},"cidr_block":{"constant_value":"10.0.3.0/24"},"vpc_id":{"references":["aws_vpc.custom_vpc_mnka.id","aws_vpc.custom_vpc_mnka"]}},"schema_version":1},{"address":"aws_subnet.private_subnet_2_mnka","mode":"managed","type":"aws_subnet","name":"private_subnet_2_mnka","provider_config_key":"aws","expressions":{"availability_zone":{"constant_value":"us-east-1b"},"cidr_block":{"constant_value":"10.0.4.0/24"},"vpc_id":{"references":["aws_vpc.custom_vpc_mnka.id","aws_vpc.custom_vpc_mnka"]}},"schema_version":1},{"address":"aws_subnet.public_subnet_1_mnka","mode":"managed","type":"aws_subnet","name":"public_subnet_1_mnka","provider_config_key":"aws","expressions":{"availability_zone":{"constant_value":"us-east-1a"},"cidr_block":{"constant_value":"10.0.1.0/24"},"vpc_id":{"references":["aws_vpc.custom_vpc_mnka.id","aws_vpc.custom_vpc_mnka"]}},"schema_version":1},{"address":"aws_subnet.public_subnet_2_mnka","mode":"managed","type":"aws_subnet","name":"public_subnet_2_mnka","provider_config_key":"aws","expressions":{"availability_zone":{"constant_value":"us-east-1b"},"cidr_block":{"constant_value":"10.0.2.0/24"},"vpc_id":{"references":["aws_vpc.custom_vpc_mnka.id","aws_vpc.custom_vpc_mnka"]}},"schema_version":1},{"address":"aws_vpc.custom_vpc_mnka","mode":"managed","type":"aws_vpc","name":"custom_vpc_mnka","provider_config_key":"aws","expressions":{"cidr_block":{"constant_value":"10.0.0.0/16"}},"schema_version":1}],"module_calls":{"eks_setup":{"source":"./modules/eks_setup","expressions":{"cluster_name":{"constant_value":"ekscluster_mnka"},"oidc_issuer":{"constant_value":"https://oidc.eks.us-east-1.amazonaws.com/id/EKS_OIDC_PROVIDER_ID"},"oidc_provider_arn":{"constant_value":"arn:aws:iam::account-id:oidc-provider/oidc.eks.us-east-1.amazonaws.com/id/EKS_OIDC_PROVIDER_ID"},"private_subnet_ids":{"references":["aws_subnet.private_subnet_1_mnka.id","aws_subnet.private_subnet_1_mnka","aws_subnet.private_subnet_2_mnka.id","aws_subnet.private_subnet_2_mnka"]},"public_subnet_ids":{"references":["aws_subnet.public_subnet_1_mnka.id","aws_subnet.public_subnet_1_mnka","aws_subnet.public_subnet_2_mnka.id","aws_subnet.public_subnet_2_mnka"]}},"module":{"outputs":{"eks_cluster_arn":{"expression":{"references":["aws_eks_cluster.my_eks_cluster_mnka.arn","aws_eks_cluster.my_eks_cluster_mnka"]}},"eks_cluster_oidc_issuer":{"expression":{"references":["aws_eks_cluster.my_eks_cluster_mnka.identity[0].oidc[0].issuer","aws_eks_cluster.my_eks_cluster_mnka.identity[0].oidc[0]","aws_eks_cluster.my_eks_cluster_mnka.identity[0].oidc","aws_eks_cluster.my_eks_cluster_mnka.identity[0]","aws_eks_cluster.my_eks_cluster_mnka.identity","aws_eks_cluster.my_eks_cluster_mnka"]}}},"resources":[{"address":"aws_eks_cluster.my_eks_cluster_mnka","mode":"managed","type":"aws_eks_cluster","name":"my_eks_cluster_mnka","provider_config_key":"aws","expressions":{"name":{"references":["var.cluster_name"]},"role_arn":{"references":["aws_iam_role.eks_cluster_autoscaler_role_mnka.arn","aws_iam_role.eks_cluster_autoscaler_role_mnka"]},"tags":{"constant_value":{"Terraform":"true"}},"vpc_config":[{"subnet_ids":{"references":["var.public_subnet_ids"]}}]},"schema_version":0},{"address":"aws_eks_node_group.eks_nodegroup_mnka","mode":"managed","type":"aws_eks_node_group","name":"eks_nodegroup_mnka","provider_config_key":"aws","expressions":{"ami_type":{"constant_value":"AL2_x86_64"},"capacity_type":{"constant_value":"ON_DEMAND"},"cluster_name":{"references":["aws_eks_cluster.my_eks_cluster_mnka.name","aws_eks_cluster.my_eks_cluster_mnka"]},"disk_size":{"constant_value":20},"instance_types":{"constant_value":["t2.medium"]},"node_group_name":{"constant_value":"eksng"},"node_role_arn":{"references":["aws_iam_role.eks_cluster_autoscaler_role_mnka.arn","aws_iam_role.eks_cluster_autoscaler_role_mnka"]},"remote_access":[{"ec2_ssh_key":{"constant_value":"eks"}}],"scaling_config":[{"desired_size":{"constant_value":2},"max_size":{"constant_value":4},"min_size":{"constant_value":2}}],"subnet_ids":{"references":["var.private_subnet_ids"]},"tags":{"constant_value":{"Name":"eksng","Terraform":"true"}}},"schema_version":0,"depends_on":["aws_eks_cluster.my_eks_cluster_mnka"]},{"address":"aws_iam_role.eks_cluster_autoscaler_role_mnka","mode":"managed","type":"aws_iam_role","name":"eks_cluster_autoscaler_role_mnka","provider_config_key":"aws","expressions":{"assume_role_policy":{"references":["data.aws_iam_policy_document.eks_assume_role_policy_mnka.json","data.aws_iam_policy_document.eks_assume_role_policy_mnka"]},"name":{"constant_value":"eks_cluster_autoscaler_role_mnka"}},"schema_version":0},{"address":"aws_iam_role_policy_attachment.eks_cluster_policy_attachment","mode":"managed","type":"aws_iam_role_policy_attachment","name":"eks_cluster_policy_attachment","provider_config_key":"aws","expressions":{"policy_arn":{"constant_value":"arn:aws:iam::aws:policy/AmazonEKSClusterPolicy"},"role":{"references":["aws_iam_role.eks_cluster_autoscaler_role_mnka.name","aws_iam_role.eks_cluster_autoscaler_role_mnka"]}},"schema_version":0},{"address":"aws_iam_role_policy_attachment.eks_ecr_read_only_policy_attachment","mode":"managed","type":"aws_iam_role_policy_attachment","name":"eks_ecr_read_only_policy_attachment","provider_config_key":"aws","expressions":{"policy_arn":{"constant_value":"arn:aws:iam::aws:policy/AmazonEC2ContainerRegistryReadOnly"},"role":{"references":["aws_iam_role.eks_cluster_autoscaler_role_mnka.name","aws_iam_role.eks_cluster_autoscaler_role_mnka"]}},"schema_version":0},{"address":"data.aws_iam_policy_document.eks_assume_role_policy_mnka","mode":"data","type":"aws_iam_policy_document","name":"eks_assume_role_policy_mnka","provider_config_key":"aws","expressions":{"statement":[{"actions":{"constant_value":["sts:AssumeRoleWithWebIdentity"]},"condition":[{"test":{"constant_value":"StringEquals"},"values":{"references":["var.oidc_issuer"]},"variable":{"constant_value":"sts:ExternalId"}}],"principals":[{"identifiers":{"references":["var.oidc_provider_arn"]},"type":{"constant_value":"Federated"}}]},{"actions":{"constant_value":["sts:AssumeRole"]},"effect":{"constant_value":"Allow"},"principals":[{"identifiers":{"constant_value":["ec2.amazonaws.com","eks.amazonaws.com"]},"type":{"constant_value":"Service"}}]}]},"schema_version":0}],"variables":{"cluster_name":{},"oidc_issuer":{},"oidc_provider_arn":{},"private_subnet_ids":{},"public_subnet_ids":{}}}}}}},"relevant_attributes":[{"resource":"module.eks_setup.aws_eks_cluster.my_eks_cluster_mnka","attribute":["identity",0,"oidc",0,"issuer"]},{"resource":"aws_subnet.private_subnet_1_mnka","attribute":["id"]},{"resource":"aws_subnet.private_subnet_2_mnka","attribute":["id"]},{"resource":"module.eks_setup.aws_iam_role.eks_cluster_autoscaler_role_mnka","attribute":["arn"]},{"resource":"module.eks_setup.aws_eks_cluster.my_eks_cluster_mnka","attribute":["name"]},{"resource":"module.eks_setup.aws_eks_cluster.my_eks_cluster_mnka","attribute":["arn"]}],"timestamp":"2023-09-03T21:41:15Z"}
