{
  "version": 4,
  "terraform_version": "1.5.2",
  "serial": 46,
  "lineage": "6713f62a-ce09-d363-6199-58950ec61af7",
  "outputs": {
    "eks_cluster_arn": {
      "value": "arn:aws:eks:us-west-2:818140567777:cluster/ekscluster_mnka",
      "type": "string"
    },
    "eks_cluster_oidc_issuer": {
      "value": "https://oidc.eks.us-west-2.amazonaws.com/id/A7640D1C7B48362A00B6E3B09CCB2625",
      "type": "string"
    }
  },
  "resources": [
    {
      "mode": "managed",
      "type": "aws_subnet",
      "name": "private_subnet_1_mnka",
      "provider": "provider[\"registry.terraform.io/hashicorp/aws\"]",
      "instances": [
        {
          "schema_version": 1,
          "attributes": {
            "arn": "arn:aws:ec2:us-west-2:818140567777:subnet/subnet-01818e546f4968070",
            "assign_ipv6_address_on_creation": false,
            "availability_zone": "us-west-2a",
            "availability_zone_id": "usw2-az1",
            "cidr_block": "10.0.3.0/24",
            "customer_owned_ipv4_pool": "",
            "enable_dns64": false,
            "enable_lni_at_device_index": 0,
            "enable_resource_name_dns_a_record_on_launch": false,
            "enable_resource_name_dns_aaaa_record_on_launch": false,
            "id": "subnet-01818e546f4968070",
            "ipv6_cidr_block": "",
            "ipv6_cidr_block_association_id": "",
            "ipv6_native": false,
            "map_customer_owned_ip_on_launch": false,
            "map_public_ip_on_launch": false,
            "outpost_arn": "",
            "owner_id": "818140567777",
            "private_dns_hostname_type_on_launch": "ip-name",
            "tags": {},
            "tags_all": {},
            "timeouts": null,
            "vpc_id": "vpc-03f538c3ddfb3e481"
          },
          "sensitive_attributes": [],
          "private": "eyJlMmJmYjczMC1lY2FhLTExZTYtOGY4OC0zNDM2M2JjN2M0YzAiOnsiY3JlYXRlIjo2MDAwMDAwMDAwMDAsImRlbGV0ZSI6MTIwMDAwMDAwMDAwMH0sInNjaGVtYV92ZXJzaW9uIjoiMSJ9",
          "dependencies": [
            "aws_vpc.custom_vpc_mnka"
          ]
        }
      ]
    },
    {
      "mode": "managed",
      "type": "aws_subnet",
      "name": "private_subnet_2_mnka",
      "provider": "provider[\"registry.terraform.io/hashicorp/aws\"]",
      "instances": [
        {
          "schema_version": 1,
          "attributes": {
            "arn": "arn:aws:ec2:us-west-2:818140567777:subnet/subnet-074c6e25c70f4c055",
            "assign_ipv6_address_on_creation": false,
            "availability_zone": "us-west-2b",
            "availability_zone_id": "usw2-az2",
            "cidr_block": "10.0.4.0/24",
            "customer_owned_ipv4_pool": "",
            "enable_dns64": false,
            "enable_lni_at_device_index": 0,
            "enable_resource_name_dns_a_record_on_launch": false,
            "enable_resource_name_dns_aaaa_record_on_launch": false,
            "id": "subnet-074c6e25c70f4c055",
            "ipv6_cidr_block": "",
            "ipv6_cidr_block_association_id": "",
            "ipv6_native": false,
            "map_customer_owned_ip_on_launch": false,
            "map_public_ip_on_launch": false,
            "outpost_arn": "",
            "owner_id": "818140567777",
            "private_dns_hostname_type_on_launch": "ip-name",
            "tags": {},
            "tags_all": {},
            "timeouts": null,
            "vpc_id": "vpc-03f538c3ddfb3e481"
          },
          "sensitive_attributes": [],
          "private": "eyJlMmJmYjczMC1lY2FhLTExZTYtOGY4OC0zNDM2M2JjN2M0YzAiOnsiY3JlYXRlIjo2MDAwMDAwMDAwMDAsImRlbGV0ZSI6MTIwMDAwMDAwMDAwMH0sInNjaGVtYV92ZXJzaW9uIjoiMSJ9",
          "dependencies": [
            "aws_vpc.custom_vpc_mnka"
          ]
        }
      ]
    },
    {
      "mode": "managed",
      "type": "aws_subnet",
      "name": "public_subnet_1_mnka",
      "provider": "provider[\"registry.terraform.io/hashicorp/aws\"]",
      "instances": [
        {
          "schema_version": 1,
          "attributes": {
            "arn": "arn:aws:ec2:us-west-2:818140567777:subnet/subnet-00d61efbdcbd465d9",
            "assign_ipv6_address_on_creation": false,
            "availability_zone": "us-west-2a",
            "availability_zone_id": "usw2-az1",
            "cidr_block": "10.0.1.0/24",
            "customer_owned_ipv4_pool": "",
            "enable_dns64": false,
            "enable_lni_at_device_index": 0,
            "enable_resource_name_dns_a_record_on_launch": false,
            "enable_resource_name_dns_aaaa_record_on_launch": false,
            "id": "subnet-00d61efbdcbd465d9",
            "ipv6_cidr_block": "",
            "ipv6_cidr_block_association_id": "",
            "ipv6_native": false,
            "map_customer_owned_ip_on_launch": false,
            "map_public_ip_on_launch": false,
            "outpost_arn": "",
            "owner_id": "818140567777",
            "private_dns_hostname_type_on_launch": "ip-name",
            "tags": {},
            "tags_all": {},
            "timeouts": null,
            "vpc_id": "vpc-03f538c3ddfb3e481"
          },
          "sensitive_attributes": [],
          "private": "eyJlMmJmYjczMC1lY2FhLTExZTYtOGY4OC0zNDM2M2JjN2M0YzAiOnsiY3JlYXRlIjo2MDAwMDAwMDAwMDAsImRlbGV0ZSI6MTIwMDAwMDAwMDAwMH0sInNjaGVtYV92ZXJzaW9uIjoiMSJ9",
          "dependencies": [
            "aws_vpc.custom_vpc_mnka"
          ]
        }
      ]
    },
    {
      "mode": "managed",
      "type": "aws_subnet",
      "name": "public_subnet_2_mnka",
      "provider": "provider[\"registry.terraform.io/hashicorp/aws\"]",
      "instances": [
        {
          "schema_version": 1,
          "attributes": {
            "arn": "arn:aws:ec2:us-west-2:818140567777:subnet/subnet-0cb67675144ac0fca",
            "assign_ipv6_address_on_creation": false,
            "availability_zone": "us-west-2b",
            "availability_zone_id": "usw2-az2",
            "cidr_block": "10.0.2.0/24",
            "customer_owned_ipv4_pool": "",
            "enable_dns64": false,
            "enable_lni_at_device_index": 0,
            "enable_resource_name_dns_a_record_on_launch": false,
            "enable_resource_name_dns_aaaa_record_on_launch": false,
            "id": "subnet-0cb67675144ac0fca",
            "ipv6_cidr_block": "",
            "ipv6_cidr_block_association_id": "",
            "ipv6_native": false,
            "map_customer_owned_ip_on_launch": false,
            "map_public_ip_on_launch": false,
            "outpost_arn": "",
            "owner_id": "818140567777",
            "private_dns_hostname_type_on_launch": "ip-name",
            "tags": {},
            "tags_all": {},
            "timeouts": null,
            "vpc_id": "vpc-03f538c3ddfb3e481"
          },
          "sensitive_attributes": [],
          "private": "eyJlMmJmYjczMC1lY2FhLTExZTYtOGY4OC0zNDM2M2JjN2M0YzAiOnsiY3JlYXRlIjo2MDAwMDAwMDAwMDAsImRlbGV0ZSI6MTIwMDAwMDAwMDAwMH0sInNjaGVtYV92ZXJzaW9uIjoiMSJ9",
          "dependencies": [
            "aws_vpc.custom_vpc_mnka"
          ]
        }
      ]
    },
    {
      "mode": "managed",
      "type": "aws_vpc",
      "name": "custom_vpc_mnka",
      "provider": "provider[\"registry.terraform.io/hashicorp/aws\"]",
      "instances": [
        {
          "schema_version": 1,
          "attributes": {
            "arn": "arn:aws:ec2:us-west-2:818140567777:vpc/vpc-03f538c3ddfb3e481",
            "assign_generated_ipv6_cidr_block": false,
            "cidr_block": "10.0.0.0/16",
            "default_network_acl_id": "acl-0ea51fc0cc46c58f7",
            "default_route_table_id": "rtb-0e54049a573166ac6",
            "default_security_group_id": "sg-0f0ec88943d0aba4d",
            "dhcp_options_id": "dopt-0befe197b4a7eb0e6",
            "enable_dns_hostnames": false,
            "enable_dns_support": true,
            "enable_network_address_usage_metrics": false,
            "id": "vpc-03f538c3ddfb3e481",
            "instance_tenancy": "default",
            "ipv4_ipam_pool_id": null,
            "ipv4_netmask_length": null,
            "ipv6_association_id": "",
            "ipv6_cidr_block": "",
            "ipv6_cidr_block_network_border_group": "",
            "ipv6_ipam_pool_id": "",
            "ipv6_netmask_length": 0,
            "main_route_table_id": "rtb-0e54049a573166ac6",
            "owner_id": "818140567777",
            "tags": {},
            "tags_all": {}
          },
          "sensitive_attributes": [],
          "private": "eyJzY2hlbWFfdmVyc2lvbiI6IjEifQ=="
        }
      ]
    },
    {
      "module": "module.eks_setup",
      "mode": "data",
      "type": "aws_iam_policy_document",
      "name": "eks_assume_role_policy_mnka",
      "provider": "provider[\"registry.terraform.io/hashicorp/aws\"]",
      "instances": [
        {
          "schema_version": 0,
          "attributes": {
            "id": "2236254535",
            "json": "{\n  \"Version\": \"2012-10-17\",\n  \"Statement\": [\n    {\n      \"Effect\": \"Allow\",\n      \"Action\": \"sts:AssumeRoleWithWebIdentity\",\n      \"Principal\": {\n        \"Federated\": \"arn:aws:iam::account-id:oidc-provider/oidc.eks.us-east-1.amazonaws.com/id/EKS_OIDC_PROVIDER_ID\"\n      },\n      \"Condition\": {\n        \"StringEquals\": {\n          \"sts:ExternalId\": \"https://oidc.eks.us-east-1.amazonaws.com/id/EKS_OIDC_PROVIDER_ID\"\n        }\n      }\n    },\n    {\n      \"Effect\": \"Allow\",\n      \"Action\": \"sts:AssumeRole\",\n      \"Principal\": {\n        \"Service\": [\n          \"eks.amazonaws.com\",\n          \"ec2.amazonaws.com\"\n        ]\n      }\n    }\n  ]\n}",
            "override_policy_documents": null,
            "policy_id": null,
            "source_policy_documents": null,
            "statement": [
              {
                "actions": [
                  "sts:AssumeRoleWithWebIdentity"
                ],
                "condition": [
                  {
                    "test": "StringEquals",
                    "values": [
                      "https://oidc.eks.us-east-1.amazonaws.com/id/EKS_OIDC_PROVIDER_ID"
                    ],
                    "variable": "sts:ExternalId"
                  }
                ],
                "effect": "Allow",
                "not_actions": [],
                "not_principals": [],
                "not_resources": [],
                "principals": [
                  {
                    "identifiers": [
                      "arn:aws:iam::account-id:oidc-provider/oidc.eks.us-east-1.amazonaws.com/id/EKS_OIDC_PROVIDER_ID"
                    ],
                    "type": "Federated"
                  }
                ],
                "resources": [],
                "sid": ""
              },
              {
                "actions": [
                  "sts:AssumeRole"
                ],
                "condition": [],
                "effect": "Allow",
                "not_actions": [],
                "not_principals": [],
                "not_resources": [],
                "principals": [
                  {
                    "identifiers": [
                      "ec2.amazonaws.com",
                      "eks.amazonaws.com"
                    ],
                    "type": "Service"
                  }
                ],
                "resources": [],
                "sid": ""
              }
            ],
            "version": "2012-10-17"
          },
          "sensitive_attributes": []
        }
      ]
    },
    {
      "module": "module.eks_setup",
      "mode": "managed",
      "type": "aws_eks_cluster",
      "name": "my_eks_cluster_mnka",
      "provider": "provider[\"registry.terraform.io/hashicorp/aws\"]",
      "instances": [
        {
          "schema_version": 0,
          "attributes": {
            "arn": "arn:aws:eks:us-west-2:818140567777:cluster/ekscluster_mnka",
            "certificate_authority": [
              {
                "data": "LS0tLS1CRUdJTiBDRVJUSUZJQ0FURS0tLS0tCk1JSURCVENDQWUyZ0F3SUJBZ0lJZGN2U2M3c2lJekV3RFFZSktvWklodmNOQVFFTEJRQXdGVEVUTUJFR0ExVUUKQXhNS2EzVmlaWEp1WlhSbGN6QWVGdzB5TXpBNU1ETXlNakE0TWpGYUZ3MHpNekE0TXpFeU1qQTRNakZhTUJVeApFekFSQmdOVkJBTVRDbXQxWW1WeWJtVjBaWE13Z2dFaU1BMEdDU3FHU0liM0RRRUJBUVVBQTRJQkR3QXdnZ0VLCkFvSUJBUUNrcjNnMXBucGZvSkNTdFFnMHpWY2tRdFUzOUw5ck8rMUVuNDljV0VOZHpYU2pIVUUrQjFESmJGNnoKK3R6NUx1ajA5WDFkTFZTSmxTK3NheURWTDNGcEpKank1TUpYblRpQk8zMUdjTlNBSVlXZnl6S0VXZkdJZ3VCRQpwVm9MVTVHdk9iUXgyejZERk9HaUpNbm5iQVZJb2ZWUituL05UMFc4M1VMY1UrSjA0YXJ5QW5iYlpBRzRhWnZ0CjhtZ2dCYzQwdjA5OUtxNHZlTkxXYWZmc2h0SlFseHMyR04wT1dUM0E1T1pBTlRhUjdta003RllSa1ljYmlYcjEKYWlWTVZua3BrNTYwUlg1YnVEMjl1QmFyODA4YnZGd3dRYWRQTDJXYXNDVGpZRWc0blAvaGRlK0kyUlBCcTA5QgovYWF0NUVqdXN2Nm9JWW9ka2JYdDZKcWpLdnZyQWdNQkFBR2pXVEJYTUE0R0ExVWREd0VCL3dRRUF3SUNwREFQCkJnTlZIUk1CQWY4RUJUQURBUUgvTUIwR0ExVWREZ1FXQkJTdmV2eWhtMHR4OEE2ZHJLeGJTUFZ4K2JqRFR6QVYKQmdOVkhSRUVEakFNZ2dwcmRXSmxjbTVsZEdWek1BMEdDU3FHU0liM0RRRUJDd1VBQTRJQkFRQmN2Y0EyRUtRdQoycEJiYmwwM0cvMnE4VEVwWlJFR1FCSy9uYWp2MEpLbjdLdFc1VjVZMkt2cDJWcDFDOTNUQkdYbDg2TURjM3hXCnlRRzNwbG1VSlhvUktiUFpkWHRXbFlLb3BMMWs1UGRyY1dDM1NPaVI0Um5FSHkvbVNxcExyWFJLTmJNL20vUnkKaU1FUXpFamp4Vy80QmNWcjdsYjlQTVV0NjFLUmlRNlNRWFBGbTk3OHhlelV0SWgxaC96aE16aUdnODVNSERqWQprTnJTOGV4RjkwV0lPU1pjUHQwam9DdGpVaUtHbWNZdUlUb0xQK3kvOGdzZkpwNnl1TzBUdW9TZy9Kbkl6dUE0CnFFQi9GcHdwdGFJLythTnRhU1dTWXBJR3BBMDlJOXJBSDBnZzhNaGcxcVJTQkcxQjJlTnR5SHdON0xhcE9Jc3YKaGtUQ3hWbjdjNGs1Ci0tLS0tRU5EIENFUlRJRklDQVRFLS0tLS0K"
              }
            ],
            "cluster_id": null,
            "created_at": "2023-09-03 22:03:29.412 +0000 UTC",
            "enabled_cluster_log_types": [],
            "encryption_config": [],
            "endpoint": "https://A7640D1C7B48362A00B6E3B09CCB2625.gr7.us-west-2.eks.amazonaws.com",
            "id": "ekscluster_mnka",
            "identity": [
              {
                "oidc": [
                  {
                    "issuer": "https://oidc.eks.us-west-2.amazonaws.com/id/A7640D1C7B48362A00B6E3B09CCB2625"
                  }
                ]
              }
            ],
            "kubernetes_network_config": [
              {
                "ip_family": "ipv4",
                "service_ipv4_cidr": "172.20.0.0/16",
                "service_ipv6_cidr": ""
              }
            ],
            "name": "ekscluster_mnka",
            "outpost_config": [],
            "platform_version": "eks.5",
            "role_arn": "arn:aws:iam::818140567777:role/eks_cluster_autoscaler_role_mnka",
            "status": "ACTIVE",
            "tags": {
              "Terraform": "true"
            },
            "tags_all": {
              "Terraform": "true"
            },
            "timeouts": null,
            "version": "1.27",
            "vpc_config": [
              {
                "cluster_security_group_id": "sg-0ee279e72181dc2fb",
                "endpoint_private_access": false,
                "endpoint_public_access": true,
                "public_access_cidrs": [
                  "0.0.0.0/0"
                ],
                "security_group_ids": [],
                "subnet_ids": [
                  "subnet-00d61efbdcbd465d9",
                  "subnet-0cb67675144ac0fca"
                ],
                "vpc_id": "vpc-03f538c3ddfb3e481"
              }
            ]
          },
          "sensitive_attributes": [],
          "private": "eyJlMmJmYjczMC1lY2FhLTExZTYtOGY4OC0zNDM2M2JjN2M0YzAiOnsiY3JlYXRlIjoxODAwMDAwMDAwMDAwLCJkZWxldGUiOjkwMDAwMDAwMDAwMCwidXBkYXRlIjozNjAwMDAwMDAwMDAwfX0=",
          "dependencies": [
            "aws_subnet.public_subnet_1_mnka",
            "aws_subnet.public_subnet_2_mnka",
            "aws_vpc.custom_vpc_mnka",
            "module.eks_setup.aws_iam_role.eks_cluster_autoscaler_role_mnka",
            "module.eks_setup.data.aws_iam_policy_document.eks_assume_role_policy_mnka"
          ]
        }
      ]
    },
    {
      "module": "module.eks_setup",
      "mode": "managed",
      "type": "aws_iam_role",
      "name": "eks_cluster_autoscaler_role_mnka",
      "provider": "provider[\"registry.terraform.io/hashicorp/aws\"]",
      "instances": [
        {
          "schema_version": 0,
          "attributes": {
            "arn": "arn:aws:iam::818140567777:role/eks_cluster_autoscaler_role_mnka",
            "assume_role_policy": "{\"Statement\":[{\"Action\":\"sts:AssumeRoleWithWebIdentity\",\"Condition\":{\"StringEquals\":{\"sts:ExternalId\":\"https://oidc.eks.us-east-1.amazonaws.com/id/EKS_OIDC_PROVIDER_ID\"}},\"Effect\":\"Allow\",\"Principal\":{\"Federated\":\"arn:aws:iam::account-id:oidc-provider/oidc.eks.us-east-1.amazonaws.com/id/EKS_OIDC_PROVIDER_ID\"}},{\"Action\":\"sts:AssumeRole\",\"Effect\":\"Allow\",\"Principal\":{\"Service\":[\"eks.amazonaws.com\",\"ec2.amazonaws.com\"]}}],\"Version\":\"2012-10-17\"}",
            "create_date": "2023-09-03T20:50:34Z",
            "description": "",
            "force_detach_policies": false,
            "id": "eks_cluster_autoscaler_role_mnka",
            "inline_policy": [],
            "managed_policy_arns": [
              "arn:aws:iam::aws:policy/AmazonEC2ContainerRegistryReadOnly",
              "arn:aws:iam::aws:policy/AmazonEKSClusterPolicy",
              "arn:aws:iam::aws:policy/AmazonEKSWorkerNodePolicy"
            ],
            "max_session_duration": 3600,
            "name": "eks_cluster_autoscaler_role_mnka",
            "name_prefix": "",
            "path": "/",
            "permissions_boundary": null,
            "tags": {},
            "tags_all": {},
            "unique_id": "AROA347H2LDQYV5XZHUHM"
          },
          "sensitive_attributes": [],
          "private": "bnVsbA==",
          "dependencies": [
            "module.eks_setup.data.aws_iam_policy_document.eks_assume_role_policy_mnka"
          ]
        }
      ]
    },
    {
      "module": "module.eks_setup",
      "mode": "managed",
      "type": "aws_iam_role_policy_attachment",
      "name": "eks_cluster_policy_attachment",
      "provider": "provider[\"registry.terraform.io/hashicorp/aws\"]",
      "instances": [
        {
          "schema_version": 0,
          "attributes": {
            "id": "eks_cluster_autoscaler_role_mnka-20230903210036845800000001",
            "policy_arn": "arn:aws:iam::aws:policy/AmazonEKSClusterPolicy",
            "role": "eks_cluster_autoscaler_role_mnka"
          },
          "sensitive_attributes": [],
          "private": "bnVsbA==",
          "dependencies": [
            "module.eks_setup.aws_iam_role.eks_cluster_autoscaler_role_mnka",
            "module.eks_setup.data.aws_iam_policy_document.eks_assume_role_policy_mnka"
          ]
        }
      ]
    },
    {
      "module": "module.eks_setup",
      "mode": "managed",
      "type": "aws_iam_role_policy_attachment",
      "name": "eks_ecr_read_only_policy_attachment",
      "provider": "provider[\"registry.terraform.io/hashicorp/aws\"]",
      "instances": [
        {
          "schema_version": 0,
          "attributes": {
            "id": "eks_cluster_autoscaler_role_mnka-20230903213140152000000002",
            "policy_arn": "arn:aws:iam::aws:policy/AmazonEC2ContainerRegistryReadOnly",
            "role": "eks_cluster_autoscaler_role_mnka"
          },
          "sensitive_attributes": [],
          "private": "bnVsbA==",
          "dependencies": [
            "module.eks_setup.aws_iam_role.eks_cluster_autoscaler_role_mnka",
            "module.eks_setup.data.aws_iam_policy_document.eks_assume_role_policy_mnka"
          ]
        }
      ]
    },
    {
      "module": "module.eks_setup",
      "mode": "managed",
      "type": "aws_iam_role_policy_attachment",
      "name": "eks_ecr_readonly_policy_attachment",
      "provider": "provider[\"registry.terraform.io/hashicorp/aws\"]",
      "instances": [
        {
          "schema_version": 0,
          "attributes": {
            "id": "eks_cluster_autoscaler_role_mnka-20230903215104605900000002",
            "policy_arn": "arn:aws:iam::aws:policy/AmazonEC2ContainerRegistryReadOnly",
            "role": "eks_cluster_autoscaler_role_mnka"
          },
          "sensitive_attributes": [],
          "private": "bnVsbA==",
          "dependencies": [
            "module.eks_setup.aws_iam_role.eks_cluster_autoscaler_role_mnka",
            "module.eks_setup.data.aws_iam_policy_document.eks_assume_role_policy_mnka"
          ]
        }
      ]
    },
    {
      "module": "module.eks_setup",
      "mode": "managed",
      "type": "aws_iam_role_policy_attachment",
      "name": "eks_worker_node_policy_attachment",
      "provider": "provider[\"registry.terraform.io/hashicorp/aws\"]",
      "instances": [
        {
          "schema_version": 0,
          "attributes": {
            "id": "eks_cluster_autoscaler_role_mnka-20230903215104692000000003",
            "policy_arn": "arn:aws:iam::aws:policy/AmazonEKSWorkerNodePolicy",
            "role": "eks_cluster_autoscaler_role_mnka"
          },
          "sensitive_attributes": [],
          "private": "bnVsbA==",
          "dependencies": [
            "module.eks_setup.aws_iam_role.eks_cluster_autoscaler_role_mnka",
            "module.eks_setup.data.aws_iam_policy_document.eks_assume_role_policy_mnka"
          ]
        }
      ]
    }
  ],
  "check_results": null
}
